
Microsoft Visual Studio Solution File, Format Version 12.00
# Visual Studio 15
VisualStudioVersion = 15.0.28307.421
MinimumVisualStudioVersion = 10.0.40219.1
Project("{9A19103F-16F7-4668-BE54-9A1E7A4F7556}") = "AF_ValidateCSVFile", "AF_ValidateCSVFile\AF_ValidateCSVFile.csproj", "{A3B031BB-D20D-4BFC-986E-7E51D5511536}"
EndProject
Global
	GlobalSection(SolutionConfigurationPlatforms) = preSolution
		Debug|Any CPU = Debug|Any CPU
		Release|Any CPU = Release|Any CPU
	EndGlobalSection
	GlobalSection(ProjectConfigurationPlatforms) = postSolution
		{A3B031BB-D20D-4BFC-986E-7E51D5511536}.Debug|Any CPU.ActiveCfg = Debug|Any CPU
		{A3B031BB-D20D-4BFC-986E-7E51D5511536}.Debug|Any CPU.Build.0 = Debug|Any CPU
		{A3B031BB-D20D-4BFC-986E-7E51D5511536}.Release|Any CPU.ActiveCfg = Release|Any CPU
		{A3B031BB-D20D-4BFC-986E-7E51D5511536}.Release|Any CPU.Build.0 = Release|Any CPU
	EndGlobalSection
	GlobalSection(SolutionProperties) = preSolution
		HideSolutionNode = FALSE
	EndGlobalSection
	GlobalSection(ExtensibilityGlobals) = postSolution
		SolutionGuid = {B381BA47-BED2-4FEE-9AD3-3BD6C514A0A2}
	EndGlobalSection
EndGlobal
